// !$*UTF8*$!
{
	archiveVersion = 1;
	classes = {
	};
	objectVersion = 53;
	objects = {

/* Begin PBXBuildFile section */
		52BA1A342A69B18900324887 /* Pie.swift in Sources */ = {isa = PBXBuildFile; fileRef = 52BA1A332A69B18900324887 /* Pie.swift */; };
		52E2F6D82A599D21006FDE3C /* AspectVGrid.swift in Sources */ = {isa = PBXBuildFile; fileRef = 52E2F6D72A599D21006FDE3C /* AspectVGrid.swift */; };
		FD4A6C4227E5EC0600C35899 /* MemoryGame.swift in Sources */ = {isa = PBXBuildFile; fileRef = FD4A6C4127E5EC0600C35899 /* MemoryGame.swift */; };
		FD4A6C4427E5ED3700C35899 /* EmojiMemoryGame.swift in Sources */ = {isa = PBXBuildFile; fileRef = FD4A6C4327E5ED3700C35899 /* EmojiMemoryGame.swift */; };
		FDC9B7E7269B085900755DCD /* MemorizeApp.swift in Sources */ = {isa = PBXBuildFile; fileRef = FDC9B7E6269B085900755DCD /* MemorizeApp.swift */; };
		FDC9B7E9269B085900755DCD /* EmojiMemoryGameView.swift in Sources */ = {isa = PBXBuildFile; fileRef = FDC9B7E8269B085900755DCD /* EmojiMemoryGameView.swift */; };
		FDC9B7EB269B085B00755DCD /* Assets.xcassets in Resources */ = {isa = PBXBuildFile; fileRef = FDC9B7EA269B085B00755DCD /* Assets.xcassets */; };
		FDC9B7EE269B085B00755DCD /* Preview Assets.xcassets in Resources */ = {isa = PBXBuildFile; fileRef = FDC9B7ED269B085B00755DCD /* Preview Assets.xcassets */; };
		FDC9B7F9269B085B00755DCD /* MemorizeTests.swift in Sources */ = {isa = PBXBuildFile; fileRef = FDC9B7F8269B085B00755DCD /* MemorizeTests.swift */; };
		FDC9B804269B085B00755DCD /* MemorizeUITests.swift in Sources */ = {isa = PBXBuildFile; fileRef = FDC9B803269B085B00755DCD /* MemorizeUITests.swift */; };
/* End PBXBuildFile section */

/* Begin PBXContainerItemProxy section */
		FDC9B7F5269B085B00755DCD /* PBXContainerItemProxy */ = {
			isa = PBXContainerItemProxy;
			containerPortal = FDC9B7DB269B085800755DCD /* Project object */;
			proxyType = 1;
			remoteGlobalIDString = FDC9B7E2269B085800755DCD;
			remoteInfo = Memorize;
		};
		FDC9B800269B085B00755DCD /* PBXContainerItemProxy */ = {
			isa = PBXContainerItemProxy;
			containerPortal = FDC9B7DB269B085800755DCD /* Project object */;
			proxyType = 1;
			remoteGlobalIDString = FDC9B7E2269B085800755DCD;
			remoteInfo = Memorize;
		};
/* End PBXContainerItemProxy section */

/* Begin PBXFileReference section */
		52BA1A332A69B18900324887 /* Pie.swift */ = {isa = PBXFileReference; lastKnownFileType = sourcecode.swift; path = Pie.swift; sourceTree = "<group>"; };
		52E2F6D72A599D21006FDE3C /* AspectVGrid.swift */ = {isa = PBXFileReference; lastKnownFileType = sourcecode.swift; path = AspectVGrid.swift; sourceTree = "<group>"; };
		FD4A6C4127E5EC0600C35899 /* MemoryGame.swift */ = {isa = PBXFileReference; lastKnownFileType = sourcecode.swift; path = MemoryGame.swift; sourceTree = "<group>"; };
		FD4A6C4327E5ED3700C35899 /* EmojiMemoryGame.swift */ = {isa = PBXFileReference; lastKnownFileType = sourcecode.swift; path = EmojiMemoryGame.swift; sourceTree = "<group>"; };
		FDC9B7E3269B085900755DCD /* Memorize.app */ = {isa = PBXFileReference; explicitFileType = wrapper.application; includeInIndex = 0; path = Memorize.app; sourceTree = BUILT_PRODUCTS_DIR; };
		FDC9B7E6269B085900755DCD /* MemorizeApp.swift */ = {isa = PBXFileReference; lastKnownFileType = sourcecode.swift; path = MemorizeApp.swift; sourceTree = "<group>"; };
		FDC9B7E8269B085900755DCD /* EmojiMemoryGameView.swift */ = {isa = PBXFileReference; lastKnownFileType = sourcecode.swift; path = EmojiMemoryGameView.swift; sourceTree = "<group>"; };
		FDC9B7EA269B085B00755DCD /* Assets.xcassets */ = {isa = PBXFileReference; lastKnownFileType = folder.assetcatalog; path = Assets.xcassets; sourceTree = "<group>"; };
		FDC9B7ED269B085B00755DCD /* Preview Assets.xcassets */ = {isa = PBXFileReference; lastKnownFileType = folder.assetcatalog; path = "Preview Assets.xcassets"; sourceTree = "<group>"; };
		FDC9B7EF269B085B00755DCD /* Info.plist */ = {isa = PBXFileReference; lastKnownFileType = text.plist.xml; path = Info.plist; sourceTree = "<group>"; };
		FDC9B7F4269B085B00755DCD /* MemorizeTests.xctest */ = {isa = PBXFileReference; explicitFileType = wrapper.cfbundle; includeInIndex = 0; path = MemorizeTests.xctest; sourceTree = BUILT_PRODUCTS_DIR; };
		FDC9B7F8269B085B00755DCD /* MemorizeTests.swift */ = {isa = PBXFileReference; lastKnownFileType = sourcecode.swift; path = MemorizeTests.swift; sourceTree = "<group>"; };
		FDC9B7FA269B085B00755DCD /* Info.plist */ = {isa = PBXFileReference; lastKnownFileType = text.plist.xml; path = Info.plist; sourceTree = "<group>"; };
		FDC9B7FF269B085B00755DCD /* MemorizeUITests.xctest */ = {isa = PBXFileReference; explicitFileType = wrapper.cfbundle; includeInIndex = 0; path = MemorizeUITests.xctest; sourceTree = BUILT_PRODUCTS_DIR; };
		FDC9B803269B085B00755DCD /* MemorizeUITests.swift */ = {isa = PBXFileReference; lastKnownFileType = sourcecode.swift; path = MemorizeUITests.swift; sourceTree = "<group>"; };
		FDC9B805269B085B00755DCD /* Info.plist */ = {isa = PBXFileReference; lastKnownFileType = text.plist.xml; path = Info.plist; sourceTree = "<group>"; };
/* End PBXFileReference section */

/* Begin PBXFrameworksBuildPhase section */
		FDC9B7E0269B085800755DCD /* Frameworks */ = {
			isa = PBXFrameworksBuildPhase;
			buildActionMask = 2147483647;
			files = (
			);
			runOnlyForDeploymentPostprocessing = 0;
		};
		FDC9B7F1269B085B00755DCD /* Frameworks */ = {
			isa = PBXFrameworksBuildPhase;
			buildActionMask = 2147483647;
			files = (
			);
			runOnlyForDeploymentPostprocessing = 0;
		};
		FDC9B7FC269B085B00755DCD /* Frameworks */ = {
			isa = PBXFrameworksBuildPhase;
			buildActionMask = 2147483647;
			files = (
			);
			runOnlyForDeploymentPostprocessing = 0;
		};
/* End PBXFrameworksBuildPhase section */

/* Begin PBXGroup section */
		FDC9B7DA269B085800755DCD = {
			isa = PBXGroup;
			children = (
				FDC9B7E5269B085900755DCD /* Memorize */,
				FDC9B7F7269B085B00755DCD /* MemorizeTests */,
				FDC9B802269B085B00755DCD /* MemorizeUITests */,
				FDC9B7E4269B085900755DCD /* Products */,
			);
			sourceTree = "<group>";
		};
		FDC9B7E4269B085900755DCD /* Products */ = {
			isa = PBXGroup;
			children = (
				FDC9B7E3269B085900755DCD /* Memorize.app */,
				FDC9B7F4269B085B00755DCD /* MemorizeTests.xctest */,
				FDC9B7FF269B085B00755DCD /* MemorizeUITests.xctest */,
			);
			name = Products;
			sourceTree = "<group>";
		};
		FDC9B7E5269B085900755DCD /* Memorize */ = {
			isa = PBXGroup;
			children = (
				FD4A6C4327E5ED3700C35899 /* EmojiMemoryGame.swift */,
				FD4A6C4127E5EC0600C35899 /* MemoryGame.swift */,
				FDC9B7E6269B085900755DCD /* MemorizeApp.swift */,
				FDC9B7E8269B085900755DCD /* EmojiMemoryGameView.swift */,
				52BA1A332A69B18900324887 /* Pie.swift */,
				52E2F6D72A599D21006FDE3C /* AspectVGrid.swift */,
				FDC9B7EA269B085B00755DCD /* Assets.xcassets */,
				FDC9B7EF269B085B00755DCD /* Info.plist */,
				FDC9B7EC269B085B00755DCD /* Preview Content */,
			);
			path = Memorize;
			sourceTree = "<group>";
		};
		FDC9B7EC269B085B00755DCD /* Preview Content */ = {
			isa = PBXGroup;
			children = (
				FDC9B7ED269B085B00755DCD /* Preview Assets.xcassets */,
			);
			path = "Preview Content";
			sourceTree = "<group>";
		};
		FDC9B7F7269B085B00755DCD /* MemorizeTests */ = {
			isa = PBXGroup;
			children = (
				FDC9B7F8269B085B00755DCD /* MemorizeTests.swift */,
				FDC9B7FA269B085B00755DCD /* Info.plist */,
			);
			path = MemorizeTests;
			sourceTree = "<group>";
		};
		FDC9B802269B085B00755DCD /* MemorizeUITests */ = {
			isa = PBXGroup;
			children = (
				FDC9B803269B085B00755DCD /* MemorizeUITests.swift */,
				FDC9B805269B085B00755DCD /* Info.plist */,
			);
			path = MemorizeUITests;
			sourceTree = "<group>";
		};
/* End PBXGroup section */

/* Begin PBXNativeTarget section */
		FDC9B7E2269B085800755DCD /* Memorize */ = {
			isa = PBXNativeTarget;
			buildConfigurationList = FDC9B808269B085B00755DCD /* Build configuration list for PBXNativeTarget "Memorize" */;
			buildPhases = (
				FDC9B7DF269B085800755DCD /* Sources */,
				FDC9B7E0269B085800755DCD /* Frameworks */,
				FDC9B7E1269B085800755DCD /* Resources */,
			);
			buildRules = (
			);
			dependencies = (
			);
			name = Memorize;
			productName = Memorize;
			productReference = FDC9B7E3269B085900755DCD /* Memorize.app */;
			productType = "com.apple.product-type.application";
		};
		FDC9B7F3269B085B00755DCD /* MemorizeTests */ = {
			isa = PBXNativeTarget;
			buildConfigurationList = FDC9B80B269B085B00755DCD /* Build configuration list for PBXNativeTarget "MemorizeTests" */;
			buildPhases = (
				FDC9B7F0269B085B00755DCD /* Sources */,
				FDC9B7F1269B085B00755DCD /* Frameworks */,
				FDC9B7F2269B085B00755DCD /* Resources */,
			);
			buildRules = (
			);
			dependencies = (
				FDC9B7F6269B085B00755DCD /* PBXTargetDependency */,
			);
			name = MemorizeTests;
			productName = MemorizeTests;
			productReference = FDC9B7F4269B085B00755DCD /* MemorizeTests.xctest */;
			productType = "com.apple.product-type.bundle.unit-test";
		};
		FDC9B7FE269B085B00755DCD /* MemorizeUITests */ = {
			isa = PBXNativeTarget;
			buildConfigurationList = FDC9B80E269B085B00755DCD /* Build configuration list for PBXNativeTarget "MemorizeUITests" */;
			buildPhases = (
				FDC9B7FB269B085B00755DCD /* Sources */,
				FDC9B7FC269B085B00755DCD /* Frameworks */,
				FDC9B7FD269B085B00755DCD /* Resources */,
			);
			buildRules = (
			);
			dependencies = (
				FDC9B801269B085B00755DCD /* PBXTargetDependency */,
			);
			name = MemorizeUITests;
			productName = MemorizeUITests;
			productReference = FDC9B7FF269B085B00755DCD /* MemorizeUITests.xctest */;
			productType = "com.apple.product-type.bundle.ui-testing";
		};
/* End PBXNativeTarget section */

/* Begin PBXProject section */
		FDC9B7DB269B085800755DCD /* Project object */ = {
			isa = PBXProject;
			attributes = {
				BuildIndependentTargetsInParallel = YES;
				LastSwiftUpdateCheck = 1240;
				LastUpgradeCheck = 1430;
				TargetAttributes = {
					FDC9B7E2269B085800755DCD = {
						CreatedOnToolsVersion = 12.4;
					};
					FDC9B7F3269B085B00755DCD = {
						CreatedOnToolsVersion = 12.4;
						TestTargetID = FDC9B7E2269B085800755DCD;
					};
					FDC9B7FE269B085B00755DCD = {
						CreatedOnToolsVersion = 12.4;
						TestTargetID = FDC9B7E2269B085800755DCD;
					};
				};
			};
			buildConfigurationList = FDC9B7DE269B085800755DCD /* Build configuration list for PBXProject "Memorize" */;
			compatibilityVersion = "Xcode 9.3";
			developmentRegion = en;
			hasScannedForEncodings = 0;
			knownRegions = (
				en,
				Base,
			);
			mainGroup = FDC9B7DA269B085800755DCD;
			productRefGroup = FDC9B7E4269B085900755DCD /* Products */;
			projectDirPath = "";
			projectRoot = "";
			targets = (
				FDC9B7E2269B085800755DCD /* Memorize */,
				FDC9B7F3269B085B00755DCD /* MemorizeTests */,
				FDC9B7FE269B085B00755DCD /* MemorizeUITests */,
			);
		};
/* End PBXProject section */

/* Begin PBXResourcesBuildPhase section */
		FDC9B7E1269B085800755DCD /* Resources */ = {
			isa = PBXResourcesBuildPhase;
			buildActionMask = 2147483647;
			files = (
				FDC9B7EE269B085B00755DCD /* Preview Assets.xcassets in Resources */,
				FDC9B7EB269B085B00755DCD /* Assets.xcassets in Resources */,
			);
			runOnlyForDeploymentPostprocessing = 0;
		};
		FDC9B7F2269B085B00755DCD /* Resources */ = {
			isa = PBXResourcesBuildPhase;
			buildActionMask = 2147483647;
			files = (
			);
			runOnlyForDeploymentPostprocessing = 0;
		};
		FDC9B7FD269B085B00755DCD /* Resources */ = {
			isa = PBXResourcesBuildPhase;
			buildActionMask = 2147483647;
			files = (
			);
			runOnlyForDeploymentPostprocessing = 0;
		};
/* End PBXResourcesBuildPhase section */

/* Begin PBXSourcesBuildPhase section */
		FDC9B7DF269B085800755DCD /* Sources */ = {
			isa = PBXSourcesBuildPhase;
			buildActionMask = 2147483647;
			files = (
				52BA1A342A69B18900324887 /* Pie.swift in Sources */,
				FD4A6C4227E5EC0600C35899 /* MemoryGame.swift in Sources */,
				FDC9B7E9269B085900755DCD /* EmojiMemoryGameView.swift in Sources */,
				FDC9B7E7269B085900755DCD /* MemorizeApp.swift in Sources */,
				52E2F6D82A599D21006FDE3C /* AspectVGrid.swift in Sources */,
				FD4A6C4427E5ED3700C35899 /* EmojiMemoryGame.swift in Sources */,
			);
			runOnlyForDeploymentPostprocessing = 0;
		};
		FDC9B7F0269B085B00755DCD /* Sources */ = {
			isa = PBXSourcesBuildPhase;
			buildActionMask = 2147483647;
			files = (
				FDC9B7F9269B085B00755DCD /* MemorizeTests.swift in Sources */,
			);
			runOnlyForDeploymentPostprocessing = 0;
		};
		FDC9B7FB269B085B00755DCD /* Sources */ = {
			isa = PBXSourcesBuildPhase;
			buildActionMask = 2147483647;
			files = (
				FDC9B804269B085B00755DCD /* MemorizeUITests.swift in Sources */,
			);
			runOnlyForDeploymentPostprocessing = 0;
		};
/* End PBXSourcesBuildPhase section */

/* Begin PBXTargetDependency section */
		FDC9B7F6269B085B00755DCD /* PBXTargetDependency */ = {
			isa = PBXTargetDependency;
			target = FDC9B7E2269B085800755DCD /* Memorize */;
			targetProxy = FDC9B7F5269B085B00755DCD /* PBXContainerItemProxy */;
		};
		FDC9B801269B085B00755DCD /* PBXTargetDependency */ = {
			isa = PBXTargetDependency;
			target = FDC9B7E2269B085800755DCD /* Memorize */;
			targetProxy = FDC9B800269B085B00755DCD /* PBXContainerItemProxy */;
		};
/* End PBXTargetDependency section */

/* Begin XCBuildConfiguration section */
		FDC9B806269B085B00755DCD /* Debug */ = {
			isa = XCBuildConfiguration;
			buildSettings = {
				ALWAYS_SEARCH_USER_PATHS = NO;
				CLANG_ANALYZER_NONNULL = YES;
				CLANG_ANALYZER_NUMBER_OBJECT_CONVERSION = YES_AGGRESSIVE;
				CLANG_CXX_LANGUAGE_STANDARD = "gnu++14";
				CLANG_CXX_LIBRARY = "libc++";
				CLANG_ENABLE_MODULES = YES;
				CLANG_ENABLE_OBJC_ARC = YES;
				CLANG_ENABLE_OBJC_WEAK = YES;
				CLANG_WARN_BLOCK_CAPTURE_AUTORELEASING = YES;
				CLANG_WARN_BOOL_CONVERSION = YES;
				CLANG_WARN_COMMA = YES;
				CLANG_WARN_CONSTANT_CONVERSION = YES;
				CLANG_WARN_DEPRECATED_OBJC_IMPLEMENTATIONS = YES;
				CLANG_WARN_DIRECT_OBJC_ISA_USAGE = YES_ERROR;
				CLANG_WARN_DOCUMENTATION_COMMENTS = YES;
				CLANG_WARN_EMPTY_BODY = YES;
				CLANG_WARN_ENUM_CONVERSION = YES;
				CLANG_WARN_INFINITE_RECURSION = YES;
				CLANG_WARN_INT_CONVERSION = YES;
				CLANG_WARN_NON_LITERAL_NULL_CONVERSION = YES;
				CLANG_WARN_OBJC_IMPLICIT_RETAIN_SELF = YES;
				CLANG_WARN_OBJC_LITERAL_CONVERSION = YES;
				CLANG_WARN_OBJC_ROOT_CLASS = YES_ERROR;
				CLANG_WARN_QUOTED_INCLUDE_IN_FRAMEWORK_HEADER = YES;
				CLANG_WARN_RANGE_LOOP_ANALYSIS = YES;
				CLANG_WARN_STRICT_PROTOTYPES = YES;
				CLANG_WARN_SUSPICIOUS_MOVE = YES;
				CLANG_WARN_UNGUARDED_AVAILABILITY = YES_AGGRESSIVE;
				CLANG_WARN_UNREACHABLE_CODE = YES;
				CLANG_WARN__DUPLICATE_METHOD_MATCH = YES;
				COPY_PHASE_STRIP = NO;
				DEBUG_INFORMATION_FORMAT = dwarf;
				ENABLE_STRICT_OBJC_MSGSEND = YES;
				ENABLE_TESTABILITY = YES;
				GCC_C_LANGUAGE_STANDARD = gnu11;
				GCC_DYNAMIC_NO_PIC = NO;
				GCC_NO_COMMON_BLOCKS = YES;
				GCC_OPTIMIZATION_LEVEL = 0;
				GCC_PREPROCESSOR_DEFINITIONS = (
					"DEBUG=1",
					"$(inherited)",
				);
				GCC_WARN_64_TO_32_BIT_CONVERSION = YES;
				GCC_WARN_ABOUT_RETURN_TYPE = YES_ERROR;
				GCC_WARN_UNDECLARED_SELECTOR = YES;
				GCC_WARN_UNINITIALIZED_AUTOS = YES_AGGRESSIVE;
				GCC_WARN_UNUSED_FUNCTION = YES;
				GCC_WARN_UNUSED_VARIABLE = YES;
				IPHONEOS_DEPLOYMENT_TARGET = 14.4;
				MTL_ENABLE_DEBUG_INFO = INCLUDE_SOURCE;
				MTL_FAST_MATH = YES;
				ONLY_ACTIVE_ARCH = YES;
				SDKROOT = iphoneos;
				SWIFT_ACTIVE_COMPILATION_CONDITIONS = DEBUG;
				SWIFT_OPTIMIZATION_LEVEL = "-Onone";
			};
			name = Debug;
		};
		FDC9B807269B085B00755DCD /* Release */ = {
			isa = XCBuildConfiguration;
			buildSettings = {
				ALWAYS_SEARCH_USER_PATHS = NO;
				CLANG_ANALYZER_NONNULL = YES;
				CLANG_ANALYZER_NUMBER_OBJECT_CONVERSION = YES_AGGRESSIVE;
				CLANG_CXX_LANGUAGE_STANDARD = "gnu++14";
				CLANG_CXX_LIBRARY = "libc++";
				CLANG_ENABLE_MODULES = YES;
				CLANG_ENABLE_OBJC_ARC = YES;
				CLANG_ENABLE_OBJC_WEAK = YES;
				CLANG_WARN_BLOCK_CAPTURE_AUTORELEASING = YES;
				CLANG_WARN_BOOL_CONVERSION = YES;
				CLANG_WARN_COMMA = YES;
				CLANG_WARN_CONSTANT_CONVERSION = YES;
				CLANG_WARN_DEPRECATED_OBJC_IMPLEMENTATIONS = YES;
				CLANG_WARN_DIRECT_OBJC_ISA_USAGE = YES_ERROR;
				CLANG_WARN_DOCUMENTATION_COMMENTS = YES;
				CLANG_WARN_EMPTY_BODY = YES;
				CLANG_WARN_ENUM_CONVERSION = YES;
				CLANG_WARN_INFINITE_RECURSION = YES;
				CLANG_WARN_INT_CONVERSION = YES;
				CLANG_WARN_NON_LITERAL_NULL_CONVERSION = YES;
				CLANG_WARN_OBJC_IMPLICIT_RETAIN_SELF = YES;
				CLANG_WARN_OBJC_LITERAL_CONVERSION = YES;
				CLANG_WARN_OBJC_ROOT_CLASS = YES_ERROR;
				CLANG_WARN_QUOTED_INCLUDE_IN_FRAMEWORK_HEADER = YES;
				CLANG_WARN_RANGE_LOOP_ANALYSIS = YES;
				CLANG_WARN_STRICT_PROTOTYPES = YES;
				CLANG_WARN_SUSPICIOUS_MOVE = YES;
				CLANG_WARN_UNGUARDED_AVAILABILITY = YES_AGGRESSIVE;
				CLANG_WARN_UNREACHABLE_CODE = YES;
				CLANG_WARN__DUPLICATE_METHOD_MATCH = YES;
				COPY_PHASE_STRIP = NO;
				DEBUG_INFORMATION_FORMAT = "dwarf-with-dsym";
				ENABLE_NS_ASSERTIONS = NO;
				ENABLE_STRICT_OBJC_MSGSEND = YES;
				GCC_C_LANGUAGE_STANDARD = gnu11;
				GCC_NO_COMMON_BLOCKS = YES;
				GCC_WARN_64_TO_32_BIT_CONVERSION = YES;
				GCC_WARN_ABOUT_RETURN_TYPE = YES_ERROR;
				GCC_WARN_UNDECLARED_SELECTOR = YES;
				GCC_WARN_UNINITIALIZED_AUTOS = YES_AGGRESSIVE;
				GCC_WARN_UNUSED_FUNCTION = YES;
				GCC_WARN_UNUSED_VARIABLE = YES;
				IPHONEOS_DEPLOYMENT_TARGET = 14.4;
				MTL_ENABLE_DEBUG_INFO = NO;
				MTL_FAST_MATH = YES;
				SDKROOT = iphoneos;
				SWIFT_COMPILATION_MODE = wholemodule;
				SWIFT_OPTIMIZATION_LEVEL = "-O";
				VALIDATE_PRODUCT = YES;
			};
			name = Release;
		};
		FDC9B809269B085B00755DCD /* Debug */ = {
			isa = XCBuildConfiguration;
			buildSettings = {
				ASSETCATALOG_COMPILER_APPICON_NAME = AppIcon;
				ASSETCATALOG_COMPILER_GLOBAL_ACCENT_COLOR_NAME = AccentColor;
				CODE_SIGN_STYLE = Automatic;
				DEVELOPMENT_ASSET_PATHS = "\"Memorize/Preview Content\"";
				DEVELOPMENT_TEAM = 9XZBUS2JV6;
				ENABLE_PREVIEWS = YES;
				INFOPLIST_FILE = Memorize/Info.plist;
				IPHONEOS_DEPLOYMENT_TARGET = 14.0;
				LD_RUNPATH_SEARCH_PATHS = (
					"$(inherited)",
					"@executable_path/Frameworks",
				);
				PRODUCT_BUNDLE_IDENTIFIER = com.mistymorning.memorize.Memorize;
				PRODUCT_NAME = "$(TARGET_NAME)";
				SWIFT_VERSION = 5.0;
				TARGETED_DEVICE_FAMILY = "1,2";
			};
			name = Debug;
		};
		FDC9B80A269B085B00755DCD /* Release */ = {
			isa = XCBuildConfiguration;
			buildSettings = {
				ASSETCATALOG_COMPILER_APPICON_NAME = AppIcon;
				ASSETCATALOG_COMPILER_GLOBAL_ACCENT_COLOR_NAME = AccentColor;
				CODE_SIGN_STYLE = Automatic;
				DEVELOPMENT_ASSET_PATHS = "\"Memorize/Preview Content\"";
				DEVELOPMENT_TEAM = 9XZBUS2JV6;
				ENABLE_PREVIEWS = YES;
				INFOPLIST_FILE = Memorize/Info.plist;
				IPHONEOS_DEPLOYMENT_TARGET = 14.0;
				LD_RUNPATH_SEARCH_PATHS = (
					"$(inherited)",
					"@executable_path/Frameworks",
				);
				PRODUCT_BUNDLE_IDENTIFIER = com.mistymorning.memorize.Memorize;
				PRODUCT_NAME = "$(TARGET_NAME)";
				SWIFT_VERSION = 5.0;
				TARGETED_DEVICE_FAMILY = "1,2";
			};
			name = Release;
		};
		FDC9B80C269B085B00755DCD /* Debug */ = {
			isa = XCBuildConfiguration;
			buildSettings = {
				ALWAYS_EMBED_SWIFT_STANDARD_LIBRARIES = YES;
				BUNDLE_LOADER = "$(TEST_HOST)";
				CODE_SIGN_STYLE = Automatic;
				DEVELOPMENT_TEAM = 9XZBUS2JV6;
				INFOPLIST_FILE = MemorizeTests/Info.plist;
				IPHONEOS_DEPLOYMENT_TARGET = 14.0;
				LD_RUNPATH_SEARCH_PATHS = (
					"$(inherited)",
					"@executable_path/Frameworks",
					"@loader_path/Frameworks",
				);
				PRODUCT_BUNDLE_IDENTIFIER = com.mistymorning.memorize.MemorizeTests;
				PRODUCT_NAME = "$(TARGET_NAME)";
				SWIFT_VERSION = 5.0;
				TARGETED_DEVICE_FAMILY = "1,2";
				TEST_HOST = "$(BUILT_PRODUCTS_DIR)/Memorize.app/Memorize";
			};
			name = Debug;
		};
		FDC9B80D269B085B00755DCD /* Release */ = {
			isa = XCBuildConfiguration;
			buildSettings = {
				ALWAYS_EMBED_SWIFT_STANDARD_LIBRARIES = YES;
				BUNDLE_LOADER = "$(TEST_HOST)";
				CODE_SIGN_STYLE = Automatic;
				DEVELOPMENT_TEAM = 9XZBUS2JV6;
				INFOPLIST_FILE = MemorizeTests/Info.plist;
				IPHONEOS_DEPLOYMENT_TARGET = 14.0;
				LD_RUNPATH_SEARCH_PATHS = (
					"$(inherited)",
					"@executable_path/Frameworks",
					"@loader_path/Frameworks",
				);
				PRODUCT_BUNDLE_IDENTIFIER = com.mistymorning.memorize.MemorizeTests;
				PRODUCT_NAME = "$(TARGET_NAME)";
				SWIFT_VERSION = 5.0;
				TARGETED_DEVICE_FAMILY = "1,2";
				TEST_HOST = "$(BUILT_PRODUCTS_DIR)/Memorize.app/Memorize";
			};
			name = Release;
		};
		FDC9B80F269B085B00755DCD /* Debug */ = {
			isa = XCBuildConfiguration;
			buildSettings = {
				ALWAYS_EMBED_SWIFT_STANDARD_LIBRARIES = YES;
				CODE_SIGN_STYLE = Automatic;
				DEVELOPMENT_TEAM = 9XZBUS2JV6;
				INFOPLIST_FILE = MemorizeUITests/Info.plist;
				LD_RUNPATH_SEARCH_PATHS = (
					"$(inherited)",
					"@executable_path/Frameworks",
					"@loader_path/Frameworks",
				);
				PRODUCT_BUNDLE_IDENTIFIER = com.mistymorning.memorize.MemorizeUITests;
				PRODUCT_NAME = "$(TARGET_NAME)";
				SWIFT_VERSION = 5.0;
				TARGETED_DEVICE_FAMILY = "1,2";
				TEST_TARGET_NAME = Memorize;
			};
			name = Debug;
		};
		FDC9B810269B085B00755DCD /* Release */ = {
			isa = XCBuildConfiguration;
			buildSettings = {
				ALWAYS_EMBED_SWIFT_STANDARD_LIBRARIES = YES;
				CODE_SIGN_STYLE = Automatic;
				DEVELOPMENT_TEAM = 9XZBUS2JV6;
				INFOPLIST_FILE = MemorizeUITests/Info.plist;
				LD_RUNPATH_SEARCH_PATHS = (
					"$(inherited)",
					"@executable_path/Frameworks",
					"@loader_path/Frameworks",
				);
				PRODUCT_BUNDLE_IDENTIFIER = com.mistymorning.memorize.MemorizeUITests;
				PRODUCT_NAME = "$(TARGET_NAME)";
				SWIFT_VERSION = 5.0;
				TARGETED_DEVICE_FAMILY = "1,2";
				TEST_TARGET_NAME = Memorize;
			};
			name = Release;
		};
/* End XCBuildConfiguration section */

/* Begin XCConfigurationList section */
		FDC9B7DE269B085800755DCD /* Build configuration list for PBXProject "Memorize" */ = {
			isa = XCConfigurationList;
			buildConfigurations = (
				FDC9B806269B085B00755DCD /* Debug */,
				FDC9B807269B085B00755DCD /* Release */,
			);
			defaultConfigurationIsVisible = 0;
			defaultConfigurationName = Release;
		};
		FDC9B808269B085B00755DCD /* Build configuration list for PBXNativeTarget "Memorize" */ = {
			isa = XCConfigurationList;
			buildConfigurations = (
				FDC9B809269B085B00755DCD /* Debug */,
				FDC9B80A269B085B00755DCD /* Release */,
			);
			defaultConfigurationIsVisible = 0;
			defaultConfigurationName = Release;
		};
		FDC9B80B269B085B00755DCD /* Build configuration list for PBXNativeTarget "MemorizeTests" */ = {
			isa = XCConfigurationList;
			buildConfigurations = (
				FDC9B80C269B085B00755DCD /* Debug */,
				FDC9B80D269B085B00755DCD /* Release */,
			);
			defaultConfigurationIsVisible = 0;
			defaultConfigurationName = Release;
		};
		FDC9B80E269B085B00755DCD /* Build configuration list for PBXNativeTarget "MemorizeUITests" */ = {
			isa = XCConfigurationList;
			buildConfigurations = (
				FDC9B80F269B085B00755DCD /* Debug */,
				FDC9B810269B085B00755DCD /* Release */,
			);
			defaultConfigurationIsVisible = 0;
			defaultConfigurationName = Release;
		};
/* End XCConfigurationList section */
	};
	rootObject = FDC9B7DB269B085800755DCD /* Project object */;
}
